
Microsoft Visual Studio Solution File, Format Version 12.00
# Visual Studio Version 16
VisualStudioVersion = 16.0.30114.105
MinimumVisualStudioVersion = 10.0.40219.1
Project("{FAE04EC0-301F-11D3-BF4B-00C04F79EFBC}") = "Murs.Core", "Murs.Core\Murs.Core.csproj", "{EA5E2275-D574-4A63-A01E-9905F55D4A9A}"
EndProject
Global
	GlobalSection(SolutionConfigurationPlatforms) = preSolution
		Debug|Any CPU = Debug|Any CPU
		Release|Any CPU = Release|Any CPU
	EndGlobalSection
	GlobalSection(ProjectConfigurationPlatforms) = postSolution
		{EA5E2275-D574-4A63-A01E-9905F55D4A9A}.Debug|Any CPU.ActiveCfg = Debug|Any CPU
		{EA5E2275-D574-4A63-A01E-9905F55D4A9A}.Debug|Any CPU.Build.0 = Debug|Any CPU
		{EA5E2275-D574-4A63-A01E-9905F55D4A9A}.Release|Any CPU.ActiveCfg = Release|Any CPU
		{EA5E2275-D574-4A63-A01E-9905F55D4A9A}.Release|Any CPU.Build.0 = Release|Any CPU
	EndGlobalSection
	GlobalSection(SolutionProperties) = preSolution
		HideSolutionNode = FALSE
	EndGlobalSection
	GlobalSection(ExtensibilityGlobals) = postSolution
		SolutionGuid = {E11A17B0-3E8E-4DBC-892C-1AB8E5F925CA}
	EndGlobalSection
EndGlobal
